
Microsoft Visual Studio Solution File, Format Version 12.00
# Visual Studio 15
VisualStudioVersion = 15.0.27004.2008
MinimumVisualStudioVersion = 10.0.40219.1
Project("{FAE04EC0-301F-11D3-BF4B-00C04F79EFBC}") = "FlowersBack", "FlowersBack\FlowersBack.csproj", "{7BEEEBC6-225D-476A-A9A0-E9724C92275B}"
EndProject
Global
	GlobalSection(SolutionConfigurationPlatforms) = preSolution
		Debug|Any CPU = Debug|Any CPU
		Release|Any CPU = Release|Any CPU
	EndGlobalSection
	GlobalSection(ProjectConfigurationPlatforms) = postSolution
		{7BEEEBC6-225D-476A-A9A0-E9724C92275B}.Debug|Any CPU.ActiveCfg = Debug|Any CPU
		{7BEEEBC6-225D-476A-A9A0-E9724C92275B}.Debug|Any CPU.Build.0 = Debug|Any CPU
		{7BEEEBC6-225D-476A-A9A0-E9724C92275B}.Release|Any CPU.ActiveCfg = Release|Any CPU
		{7BEEEBC6-225D-476A-A9A0-E9724C92275B}.Release|Any CPU.Build.0 = Release|Any CPU
	EndGlobalSection
	GlobalSection(SolutionProperties) = preSolution
		HideSolutionNode = FALSE
	EndGlobalSection
	GlobalSection(ExtensibilityGlobals) = postSolution
		SolutionGuid = {FE58FB5D-0A78-480E-BA61-608FE32FDA9E}
	EndGlobalSection
EndGlobal
